
Microsoft Visual Studio Solution File, Format Version 12.00
# Visual Studio 15
VisualStudioVersion = 15.0.28010.2036
MinimumVisualStudioVersion = 10.0.40219.1
Project("{9A19103F-16F7-4668-BE54-9A1E7A4F7556}") = "ASP.NET_Core_Web_App", "ASP.NET_Core_Web_App\ASP.NET_Core_Web_App.csproj", "{E2262898-A680-4A03-991B-B5A2C8F90374}"
EndProject
Project("{FAE04EC0-301F-11D3-BF4B-00C04F79EFBC}") = "LibraryServices", "LibraryServices\LibraryServices.csproj", "{4D0DD7AA-50F2-4A08-9618-8F55D2A06323}"
EndProject
Project("{9A19103F-16F7-4668-BE54-9A1E7A4F7556}") = "LibraryData", "LibraryData\LibraryData.csproj", "{32E0DE88-088B-4CEB-866D-D1BC9AFA4709}"
EndProject
Global
	GlobalSection(SolutionConfigurationPlatforms) = preSolution
		Debug|Any CPU = Debug|Any CPU
		Release|Any CPU = Release|Any CPU
	EndGlobalSection
	GlobalSection(ProjectConfigurationPlatforms) = postSolution
		{E2262898-A680-4A03-991B-B5A2C8F90374}.Debug|Any CPU.ActiveCfg = Debug|Any CPU
		{E2262898-A680-4A03-991B-B5A2C8F90374}.Debug|Any CPU.Build.0 = Debug|Any CPU
		{E2262898-A680-4A03-991B-B5A2C8F90374}.Release|Any CPU.ActiveCfg = Release|Any CPU
		{E2262898-A680-4A03-991B-B5A2C8F90374}.Release|Any CPU.Build.0 = Release|Any CPU
		{4D0DD7AA-50F2-4A08-9618-8F55D2A06323}.Debug|Any CPU.ActiveCfg = Debug|Any CPU
		{4D0DD7AA-50F2-4A08-9618-8F55D2A06323}.Debug|Any CPU.Build.0 = Debug|Any CPU
		{4D0DD7AA-50F2-4A08-9618-8F55D2A06323}.Release|Any CPU.ActiveCfg = Release|Any CPU
		{4D0DD7AA-50F2-4A08-9618-8F55D2A06323}.Release|Any CPU.Build.0 = Release|Any CPU
		{32E0DE88-088B-4CEB-866D-D1BC9AFA4709}.Debug|Any CPU.ActiveCfg = Debug|Any CPU
		{32E0DE88-088B-4CEB-866D-D1BC9AFA4709}.Debug|Any CPU.Build.0 = Debug|Any CPU
		{32E0DE88-088B-4CEB-866D-D1BC9AFA4709}.Release|Any CPU.ActiveCfg = Release|Any CPU
		{32E0DE88-088B-4CEB-866D-D1BC9AFA4709}.Release|Any CPU.Build.0 = Release|Any CPU
	EndGlobalSection
	GlobalSection(SolutionProperties) = preSolution
		HideSolutionNode = FALSE
	EndGlobalSection
	GlobalSection(ExtensibilityGlobals) = postSolution
		SolutionGuid = {53AD1187-A1D7-436F-B233-1ED6A2ED5F2F}
	EndGlobalSection
EndGlobal
